PODS:
  - FBSnapshotTestCase (2.1.4):
    - FBSnapshotTestCase/SwiftSupport (= 2.1.4)
  - FBSnapshotTestCase/Core (2.1.4)
  - FBSnapshotTestCase/SwiftSupport (2.1.4):
    - FBSnapshotTestCase/Core
  - OnepiecedWorking (0.1.0)

DEPENDENCIES:
  - FBSnapshotTestCase
  - OnepiecedWorking (from `../`)

SPEC REPOS:
  https://github.com/cocoapods/specs.git:
    - FBSnapshotTestCase

EXTERNAL SOURCES:
  OnepiecedWorking:
    :path: "../"

SPEC CHECKSUMS:
  FBSnapshotTestCase: 094f9f314decbabe373b87cc339bea235a63e07a
  OnepiecedWorking: 630a662e5d7142238dc7136692e4a7761425bbd3

PODFILE CHECKSUM: ef31f59065dcaffe1e9b29b7292907ba06a5f2d3

COCOAPODS: 1.5.3
